{
    "_readme": [
        "This file locks the dependencies of your project to a known state",
        "Read more about it at https://getcomposer.org/doc/01-basic-usage.md#installing-dependencies",
        "This file is @generated automatically"
    ],
    "content-hash": "20f443fedce6543d8385b9efce582835",
    "packages": [
        {
            "name": "explorer-cash/api-php",
            "version": "1.9.3",
            "source": {
                "type": "git",
                "url": "https://github.com/explorer-cash/api-php.git",
                "reference": "39ebe6690a560134639ca64e6ce36180f833290d"
            },
            "dist": {
                "type": "zip",
                "url": "https://api.github.com/repos/explorer-cash/api-php/zipball/39ebe6690a560134639ca64e6ce36180f833290d",
                "reference": "39ebe6690a560134639ca64e6ce36180f833290d",
                "shasum": ""
            },
            "type": "library",
            "autoload": {
                "psr-0": {
                    "ExplorerCash": "src/"
                }
            },
            "notification-url": "https://packagist.org/downloads/",
            "authors": [
                {
                    "name": "explorer.cash",
                    "email": "support@explorer.cash"
                }
            ],
            "description": "PHP API binding for explorer.cash Blockchain API service",
            "support": {
                "issues": "https://github.com/explorer-cash/api-php/issues",
                "source": "https://github.com/explorer-cash/api-php/tree/1.9.3"
            },
            "time": "2020-09-06T14:37:42+00:00"
        }
    ],
    "packages-dev": [],
    "aliases": [],
    "minimum-stability": "stable",
    "stability-flags": [],
    "prefer-stable": false,
    "prefer-lowest": false,
    "platform": [],
    "platform-dev": [],
    "plugin-api-version": "2.2.0"
}
